{
  "nodes": {
    "brother": {
      "inputs": {
        "flake-compat": "flake-compat",
        "nixpkgs": [
          "nixpkgs"
        ]
      },
      "locked": {
        "narHash": "sha256-Mm6QByrcpSw3oWcN28s2GBJkHzrU981qUJbLg3SDRyk=",
        "path": "./brother",
        "type": "path"
      },
      "original": {
        "path": "./brother",
        "type": "path"
      }
    },
    "flake-compat": {
      "flake": false,
      "locked": {
        "lastModified": 1648199409,
        "narHash": "sha256-JwPKdC2PoVBkG6E+eWw3j6BMR6sL3COpYWfif7RVb8Y=",
        "owner": "edolstra",
        "repo": "flake-compat",
        "rev": "64a525ee38886ab9028e6f61790de0832aa3ef03",
        "type": "github"
      },
      "original": {
        "owner": "edolstra",
        "repo": "flake-compat",
        "type": "github"
      }
    },
    "nixpkgs": {
      "locked": {
        "lastModified": 1638239011,
        "narHash": "sha256-AjhmbT4UBlJWqxY0ea8a6GU2C2HdKUREkG43oRr3TZg=",
        "owner": "NixOS",
        "repo": "nixpkgs",
        "rev": "a7ecde854aee5c4c7cd6177f54a99d2c1ff28a31",
        "type": "github"
      },
      "original": {
        "owner": "NixOS",
        "ref": "21.11",
        "repo": "nixpkgs",
        "type": "github"
      }
    },
    "root": {
      "inputs": {
        "brother": "brother",
        "nixpkgs": "nixpkgs",
        "sister": "sister"
      }
    },
    "sister": {
      "inputs": {
        "nixpkgs": [
          "nixpkgs"
        ]
      },
      "locked": {
        "narHash": "sha256-3Bu9OGWn3t0oxSJ63sIRYJap/7iuXLxbQzGoPJZk89E=",
        "path": "./sister",
        "type": "path"
      },
      "original": {
        "path": "./sister",
        "type": "path"
      }
    }
  },
  "root": "root",
  "version": 7
}
