{
  "nodes": {
    "nixpkgs": {
      "locked": {
        "lastModified": 1648916760,
        "narHash": "sha256-hTNSl3ZGpRaLAtP8yplhnSeuCQy1xE98GJJYbBJGJMQ=",
        "owner": "NixOS",
        "repo": "nixpkgs",
        "rev": "96674e9c3b55995ded1b99ec41599e8d6f7f436b",
        "type": "github"
      },
      "original": {
        "owner": "NixOS",
        "repo": "nixpkgs",
        "type": "github"
      }
    },
    "root": {
      "inputs": {
        "nixpkgs": "nixpkgs"
      }
    }
  },
  "root": "root",
  "version": 7
}
